# THIS IS AN AUTOGENERATED FILE. DO NOT EDIT THIS FILE DIRECTLY.
# yarn lockfile v1


"@babel/runtime@^7.11.2", "@babel/runtime@^7.12.5", "@babel/runtime@^7.5.5":
  version "7.25.6"
  resolved "https://registry.yarnpkg.com/@babel/runtime/-/runtime-7.25.6.tgz#9afc3289f7184d8d7f98b099884c26317b9264d2"
  integrity sha512-VBj9MYyDb9tuLq7yzqjgzt6Q+IBQLrGZfdjOekyEirZPHxXWoTSGUTMrpsfi58Up73d13NfYLv8HT9vmznjzhQ==
  dependencies:
    regenerator-runtime "^0.14.0"

"@esbuild/aix-ppc64@0.21.5":
  version "0.21.5"
  resolved "https://registry.yarnpkg.com/@esbuild/aix-ppc64/-/aix-ppc64-0.21.5.tgz#c7184a326533fcdf1b8ee0733e21c713b975575f"
  integrity sha512-1SDgH6ZSPTlggy1yI6+Dbkiz8xzpHJEVAlF/AM1tHPLsf5STom9rwtjE4hKAF20FfXXNTFqEYXyJNWh1GiZedQ==

"@esbuild/android-arm64@0.21.5":
  version "0.21.5"
  resolved "https://registry.yarnpkg.com/@esbuild/android-arm64/-/android-arm64-0.21.5.tgz#09d9b4357780da9ea3a7dfb833a1f1ff439b4052"
  integrity sha512-c0uX9VAUBQ7dTDCjq+wdyGLowMdtR/GoC2U5IYk/7D1H1JYC0qseD7+11iMP2mRLN9RcCMRcjC4YMclCzGwS/A==

"@esbuild/android-arm@0.21.5":
  version "0.21.5"
  resolved "https://registry.yarnpkg.com/@esbuild/android-arm/-/android-arm-0.21.5.tgz#9b04384fb771926dfa6d7ad04324ecb2ab9b2e28"
  integrity sha512-vCPvzSjpPHEi1siZdlvAlsPxXl7WbOVUBBAowWug4rJHb68Ox8KualB+1ocNvT5fjv6wpkX6o/iEpbDrf68zcg==

"@esbuild/android-x64@0.21.5":
  version "0.21.5"
  resolved "https://registry.yarnpkg.com/@esbuild/android-x64/-/android-x64-0.21.5.tgz#29918ec2db754cedcb6c1b04de8cd6547af6461e"
  integrity sha512-D7aPRUUNHRBwHxzxRvp856rjUHRFW1SdQATKXH2hqA0kAZb1hKmi02OpYRacl0TxIGz/ZmXWlbZgjwWYaCakTA==

"@esbuild/darwin-arm64@0.21.5":
  version "0.21.5"
  resolved "https://registry.npmjs.org/@esbuild/darwin-arm64/-/darwin-arm64-0.21.5.tgz"
  integrity sha512-DwqXqZyuk5AiWWf3UfLiRDJ5EDd49zg6O9wclZ7kUMv2WRFr4HKjXp/5t8JZ11QbQfUS6/cRCKGwYhtNAY88kQ==

"@esbuild/darwin-x64@0.21.5":
  version "0.21.5"
  resolved "https://registry.yarnpkg.com/@esbuild/darwin-x64/-/darwin-x64-0.21.5.tgz#c13838fa57372839abdddc91d71542ceea2e1e22"
  integrity sha512-se/JjF8NlmKVG4kNIuyWMV/22ZaerB+qaSi5MdrXtd6R08kvs2qCN4C09miupktDitvh8jRFflwGFBQcxZRjbw==

"@esbuild/freebsd-arm64@0.21.5":
  version "0.21.5"
  resolved "https://registry.yarnpkg.com/@esbuild/freebsd-arm64/-/freebsd-arm64-0.21.5.tgz#646b989aa20bf89fd071dd5dbfad69a3542e550e"
  integrity sha512-5JcRxxRDUJLX8JXp/wcBCy3pENnCgBR9bN6JsY4OmhfUtIHe3ZW0mawA7+RDAcMLrMIZaf03NlQiX9DGyB8h4g==

"@esbuild/freebsd-x64@0.21.5":
  version "0.21.5"
  resolved "https://registry.yarnpkg.com/@esbuild/freebsd-x64/-/freebsd-x64-0.21.5.tgz#aa615cfc80af954d3458906e38ca22c18cf5c261"
  integrity sha512-J95kNBj1zkbMXtHVH29bBriQygMXqoVQOQYA+ISs0/2l3T9/kj42ow2mpqerRBxDJnmkUDCaQT/dfNXWX/ZZCQ==

"@esbuild/linux-arm64@0.21.5":
  version "0.21.5"
  resolved "https://registry.yarnpkg.com/@esbuild/linux-arm64/-/linux-arm64-0.21.5.tgz#70ac6fa14f5cb7e1f7f887bcffb680ad09922b5b"
  integrity sha512-ibKvmyYzKsBeX8d8I7MH/TMfWDXBF3db4qM6sy+7re0YXya+K1cem3on9XgdT2EQGMu4hQyZhan7TeQ8XkGp4Q==

"@esbuild/linux-arm@0.21.5":
  version "0.21.5"
  resolved "https://registry.yarnpkg.com/@esbuild/linux-arm/-/linux-arm-0.21.5.tgz#fc6fd11a8aca56c1f6f3894f2bea0479f8f626b9"
  integrity sha512-bPb5AHZtbeNGjCKVZ9UGqGwo8EUu4cLq68E95A53KlxAPRmUyYv2D6F0uUI65XisGOL1hBP5mTronbgo+0bFcA==

"@esbuild/linux-ia32@0.21.5":
  version "0.21.5"
  resolved "https://registry.yarnpkg.com/@esbuild/linux-ia32/-/linux-ia32-0.21.5.tgz#3271f53b3f93e3d093d518d1649d6d68d346ede2"
  integrity sha512-YvjXDqLRqPDl2dvRODYmmhz4rPeVKYvppfGYKSNGdyZkA01046pLWyRKKI3ax8fbJoK5QbxblURkwK/MWY18Tg==

"@esbuild/linux-loong64@0.21.5":
  version "0.21.5"
  resolved "https://registry.yarnpkg.com/@esbuild/linux-loong64/-/linux-loong64-0.21.5.tgz#ed62e04238c57026aea831c5a130b73c0f9f26df"
  integrity sha512-uHf1BmMG8qEvzdrzAqg2SIG/02+4/DHB6a9Kbya0XDvwDEKCoC8ZRWI5JJvNdUjtciBGFQ5PuBlpEOXQj+JQSg==

"@esbuild/linux-mips64el@0.21.5":
  version "0.21.5"
  resolved "https://registry.yarnpkg.com/@esbuild/linux-mips64el/-/linux-mips64el-0.21.5.tgz#e79b8eb48bf3b106fadec1ac8240fb97b4e64cbe"
  integrity sha512-IajOmO+KJK23bj52dFSNCMsz1QP1DqM6cwLUv3W1QwyxkyIWecfafnI555fvSGqEKwjMXVLokcV5ygHW5b3Jbg==

"@esbuild/linux-ppc64@0.21.5":
  version "0.21.5"
  resolved "https://registry.yarnpkg.com/@esbuild/linux-ppc64/-/linux-ppc64-0.21.5.tgz#5f2203860a143b9919d383ef7573521fb154c3e4"
  integrity sha512-1hHV/Z4OEfMwpLO8rp7CvlhBDnjsC3CttJXIhBi+5Aj5r+MBvy4egg7wCbe//hSsT+RvDAG7s81tAvpL2XAE4w==

"@esbuild/linux-riscv64@0.21.5":
  version "0.21.5"
  resolved "https://registry.yarnpkg.com/@esbuild/linux-riscv64/-/linux-riscv64-0.21.5.tgz#07bcafd99322d5af62f618cb9e6a9b7f4bb825dc"
  integrity sha512-2HdXDMd9GMgTGrPWnJzP2ALSokE/0O5HhTUvWIbD3YdjME8JwvSCnNGBnTThKGEB91OZhzrJ4qIIxk/SBmyDDA==

"@esbuild/linux-s390x@0.21.5":
  version "0.21.5"
  resolved "https://registry.yarnpkg.com/@esbuild/linux-s390x/-/linux-s390x-0.21.5.tgz#b7ccf686751d6a3e44b8627ababc8be3ef62d8de"
  integrity sha512-zus5sxzqBJD3eXxwvjN1yQkRepANgxE9lgOW2qLnmr8ikMTphkjgXu1HR01K4FJg8h1kEEDAqDcZQtbrRnB41A==

"@esbuild/linux-x64@0.21.5":
  version "0.21.5"
  resolved "https://registry.yarnpkg.com/@esbuild/linux-x64/-/linux-x64-0.21.5.tgz#6d8f0c768e070e64309af8004bb94e68ab2bb3b0"
  integrity sha512-1rYdTpyv03iycF1+BhzrzQJCdOuAOtaqHTWJZCWvijKD2N5Xu0TtVC8/+1faWqcP9iBCWOmjmhoH94dH82BxPQ==

"@esbuild/netbsd-x64@0.21.5":
  version "0.21.5"
  resolved "https://registry.yarnpkg.com/@esbuild/netbsd-x64/-/netbsd-x64-0.21.5.tgz#bbe430f60d378ecb88decb219c602667387a6047"
  integrity sha512-Woi2MXzXjMULccIwMnLciyZH4nCIMpWQAs049KEeMvOcNADVxo0UBIQPfSmxB3CWKedngg7sWZdLvLczpe0tLg==

"@esbuild/openbsd-x64@0.21.5":
  version "0.21.5"
  resolved "https://registry.yarnpkg.com/@esbuild/openbsd-x64/-/openbsd-x64-0.21.5.tgz#99d1cf2937279560d2104821f5ccce220cb2af70"
  integrity sha512-HLNNw99xsvx12lFBUwoT8EVCsSvRNDVxNpjZ7bPn947b8gJPzeHWyNVhFsaerc0n3TsbOINvRP2byTZ5LKezow==

"@esbuild/sunos-x64@0.21.5":
  version "0.21.5"
  resolved "https://registry.yarnpkg.com/@esbuild/sunos-x64/-/sunos-x64-0.21.5.tgz#08741512c10d529566baba837b4fe052c8f3487b"
  integrity sha512-6+gjmFpfy0BHU5Tpptkuh8+uw3mnrvgs+dSPQXQOv3ekbordwnzTVEb4qnIvQcYXq6gzkyTnoZ9dZG+D4garKg==

"@esbuild/win32-arm64@0.21.5":
  version "0.21.5"
  resolved "https://registry.yarnpkg.com/@esbuild/win32-arm64/-/win32-arm64-0.21.5.tgz#675b7385398411240735016144ab2e99a60fc75d"
  integrity sha512-Z0gOTd75VvXqyq7nsl93zwahcTROgqvuAcYDUr+vOv8uHhNSKROyU961kgtCD1e95IqPKSQKH7tBTslnS3tA8A==

"@esbuild/win32-ia32@0.21.5":
  version "0.21.5"
  resolved "https://registry.yarnpkg.com/@esbuild/win32-ia32/-/win32-ia32-0.21.5.tgz#1bfc3ce98aa6ca9a0969e4d2af72144c59c1193b"
  integrity sha512-SWXFF1CL2RVNMaVs+BBClwtfZSvDgtL//G/smwAc5oVK/UPu2Gu9tIaRgFmYFFKrmg3SyAjSrElf0TiJ1v8fYA==

"@esbuild/win32-x64@0.21.5":
  version "0.21.5"
  resolved "https://registry.yarnpkg.com/@esbuild/win32-x64/-/win32-x64-0.21.5.tgz#acad351d582d157bb145535db2a6ff53dd514b5c"
  integrity sha512-tQd/1efJuzPC6rCFwEvLtci/xNFcTZknmXs98FYDfGE4wP9ClFV98nyKrzJKVPMhdDnjzLhdUyMX4PsQAPjwIw==

"@rollup/rollup-android-arm-eabi@4.21.0":
  version "4.21.0"
  resolved "https://registry.yarnpkg.com/@rollup/rollup-android-arm-eabi/-/rollup-android-arm-eabi-4.21.0.tgz#d941173f82f9b041c61b0dc1a2a91dcd06e4b31e"
  integrity sha512-WTWD8PfoSAJ+qL87lE7votj3syLavxunWhzCnx3XFxFiI/BA/r3X7MUM8dVrH8rb2r4AiO8jJsr3ZjdaftmnfA==

"@rollup/rollup-android-arm64@4.21.0":
  version "4.21.0"
  resolved "https://registry.yarnpkg.com/@rollup/rollup-android-arm64/-/rollup-android-arm64-4.21.0.tgz#7e7157c8543215245ceffc445134d9e843ba51c0"
  integrity sha512-a1sR2zSK1B4eYkiZu17ZUZhmUQcKjk2/j9Me2IDjk1GHW7LB5Z35LEzj9iJch6gtUfsnvZs1ZNyDW2oZSThrkA==

"@rollup/rollup-darwin-arm64@4.21.0":
  version "4.21.0"
  resolved "https://registry.npmjs.org/@rollup/rollup-darwin-arm64/-/rollup-darwin-arm64-4.21.0.tgz"
  integrity sha512-zOnKWLgDld/svhKO5PD9ozmL6roy5OQ5T4ThvdYZLpiOhEGY+dp2NwUmxK0Ld91LrbjrvtNAE0ERBwjqhZTRAA==

"@rollup/rollup-darwin-x64@4.21.0":
  version "4.21.0"
  resolved "https://registry.yarnpkg.com/@rollup/rollup-darwin-x64/-/rollup-darwin-x64-4.21.0.tgz#34b7867613e5cc42d2b85ddc0424228cc33b43f0"
  integrity sha512-7doS8br0xAkg48SKE2QNtMSFPFUlRdw9+votl27MvT46vo44ATBmdZdGysOevNELmZlfd+NEa0UYOA8f01WSrg==

"@rollup/rollup-linux-arm-gnueabihf@4.21.0":
  version "4.21.0"
  resolved "https://registry.yarnpkg.com/@rollup/rollup-linux-arm-gnueabihf/-/rollup-linux-arm-gnueabihf-4.21.0.tgz#422b19ff9ae02b05d3395183d1d43b38c7c8be0b"
  integrity sha512-pWJsfQjNWNGsoCq53KjMtwdJDmh/6NubwQcz52aEwLEuvx08bzcy6tOUuawAOncPnxz/3siRtd8hiQ32G1y8VA==

"@rollup/rollup-linux-arm-musleabihf@4.21.0":
  version "4.21.0"
  resolved "https://registry.yarnpkg.com/@rollup/rollup-linux-arm-musleabihf/-/rollup-linux-arm-musleabihf-4.21.0.tgz#568aa29195ef6fc57ec6ed3f518923764406a8ee"
  integrity sha512-efRIANsz3UHZrnZXuEvxS9LoCOWMGD1rweciD6uJQIx2myN3a8Im1FafZBzh7zk1RJ6oKcR16dU3UPldaKd83w==

"@rollup/rollup-linux-arm64-gnu@4.21.0":
  version "4.21.0"
  resolved "https://registry.yarnpkg.com/@rollup/rollup-linux-arm64-gnu/-/rollup-linux-arm64-gnu-4.21.0.tgz#22309c8bcba9a73114f69165c72bc94b2fbec085"
  integrity sha512-ZrPhydkTVhyeGTW94WJ8pnl1uroqVHM3j3hjdquwAcWnmivjAwOYjTEAuEDeJvGX7xv3Z9GAvrBkEzCgHq9U1w==

"@rollup/rollup-linux-arm64-musl@4.21.0":
  version "4.21.0"
  resolved "https://registry.yarnpkg.com/@rollup/rollup-linux-arm64-musl/-/rollup-linux-arm64-musl-4.21.0.tgz#c93c388af6d33f082894b8a60839d7265b2b9bc5"
  integrity sha512-cfaupqd+UEFeURmqNP2eEvXqgbSox/LHOyN9/d2pSdV8xTrjdg3NgOFJCtc1vQ/jEke1qD0IejbBfxleBPHnPw==

"@rollup/rollup-linux-powerpc64le-gnu@4.21.0":
  version "4.21.0"
  resolved "https://registry.yarnpkg.com/@rollup/rollup-linux-powerpc64le-gnu/-/rollup-linux-powerpc64le-gnu-4.21.0.tgz#493c5e19e395cf3c6bd860c7139c8a903dea72b4"
  integrity sha512-ZKPan1/RvAhrUylwBXC9t7B2hXdpb/ufeu22pG2psV7RN8roOfGurEghw1ySmX/CmDDHNTDDjY3lo9hRlgtaHg==

"@rollup/rollup-linux-riscv64-gnu@4.21.0":
  version "4.21.0"
  resolved "https://registry.yarnpkg.com/@rollup/rollup-linux-riscv64-gnu/-/rollup-linux-riscv64-gnu-4.21.0.tgz#a2eab4346fbe5909165ce99adb935ba30c9fb444"
  integrity sha512-H1eRaCwd5E8eS8leiS+o/NqMdljkcb1d6r2h4fKSsCXQilLKArq6WS7XBLDu80Yz+nMqHVFDquwcVrQmGr28rg==

"@rollup/rollup-linux-s390x-gnu@4.21.0":
  version "4.21.0"
  resolved "https://registry.yarnpkg.com/@rollup/rollup-linux-s390x-gnu/-/rollup-linux-s390x-gnu-4.21.0.tgz#0bc49a79db4345d78d757bb1b05e73a1b42fa5c3"
  integrity sha512-zJ4hA+3b5tu8u7L58CCSI0A9N1vkfwPhWd/puGXwtZlsB5bTkwDNW/+JCU84+3QYmKpLi+XvHdmrlwUwDA6kqw==

"@rollup/rollup-linux-x64-gnu@4.21.0":
  version "4.21.0"
  resolved "https://registry.yarnpkg.com/@rollup/rollup-linux-x64-gnu/-/rollup-linux-x64-gnu-4.21.0.tgz#4fd36a6a41f3406d8693321b13d4f9b7658dd4b9"
  integrity sha512-e2hrvElFIh6kW/UNBQK/kzqMNY5mO+67YtEh9OA65RM5IJXYTWiXjX6fjIiPaqOkBthYF1EqgiZ6OXKcQsM0hg==

"@rollup/rollup-linux-x64-musl@4.21.0":
  version "4.21.0"
  resolved "https://registry.yarnpkg.com/@rollup/rollup-linux-x64-musl/-/rollup-linux-x64-musl-4.21.0.tgz#10ebb13bd4469cbad1a5d9b073bd27ec8a886200"
  integrity sha512-1vvmgDdUSebVGXWX2lIcgRebqfQSff0hMEkLJyakQ9JQUbLDkEaMsPTLOmyccyC6IJ/l3FZuJbmrBw/u0A0uCQ==

"@rollup/rollup-win32-arm64-msvc@4.21.0":
  version "4.21.0"
  resolved "https://registry.yarnpkg.com/@rollup/rollup-win32-arm64-msvc/-/rollup-win32-arm64-msvc-4.21.0.tgz#2fef1a90f1402258ef915ae5a94cc91a5a1d5bfc"
  integrity sha512-s5oFkZ/hFcrlAyBTONFY1TWndfyre1wOMwU+6KCpm/iatybvrRgmZVM+vCFwxmC5ZhdlgfE0N4XorsDpi7/4XQ==

"@rollup/rollup-win32-ia32-msvc@4.21.0":
  version "4.21.0"
  resolved "https://registry.yarnpkg.com/@rollup/rollup-win32-ia32-msvc/-/rollup-win32-ia32-msvc-4.21.0.tgz#a18ad47a95c5f264defb60acdd8c27569f816fc1"
  integrity sha512-G9+TEqRnAA6nbpqyUqgTiopmnfgnMkR3kMukFBDsiyy23LZvUCpiUwjTRx6ezYCjJODXrh52rBR9oXvm+Fp5wg==

"@rollup/rollup-win32-x64-msvc@4.21.0":
  version "4.21.0"
  resolved "https://registry.yarnpkg.com/@rollup/rollup-win32-x64-msvc/-/rollup-win32-x64-msvc-4.21.0.tgz#20c09cf44dcb082140cc7f439dd679fe4bba3375"
  integrity sha512-2jsCDZwtQvRhejHLfZ1JY6w6kEuEtfF9nzYsZxzSlNVKDX+DpsDJ+Rbjkm74nvg2rdx0gwBS+IMdvwJuq3S9pQ==

"@types/estree@1.0.5":
  version "1.0.5"
  resolved "https://registry.npmjs.org/@types/estree/-/estree-1.0.5.tgz"
  integrity sha512-/kYRxGDLWzHOB7q+wtSUQlFrtcdUccpfy+X+9iMBpHK8QLLhx2wIPYuS5DYtR9Wa/YlZAbIovy7qVdB1Aq6Lyw==

"@videojs/http-streaming@3.13.2":
  version "3.13.2"
  resolved "https://registry.yarnpkg.com/@videojs/http-streaming/-/http-streaming-3.13.2.tgz#fb1d811a079fe42d1d5d8db0f398d40157c800fd"
  integrity sha512-eCfQp61w00hg7Y9npmLnsJ6UvDF+SsFYzu7mQJgVXxWpVm9AthYWA3KQEKA7F7Sy6yzlm/Sps8BHs5ItelNZgQ==
  dependencies:
    "@babel/runtime" "^7.12.5"
    "@videojs/vhs-utils" "4.0.0"
    aes-decrypter "4.0.1"
    global "^4.4.0"
    m3u8-parser "^7.1.0"
    mpd-parser "^1.3.0"
    mux.js "7.0.3"
    video.js "^7 || ^8"

"@videojs/vhs-utils@4.0.0", "@videojs/vhs-utils@^4.0.0":
  version "4.0.0"
  resolved "https://registry.yarnpkg.com/@videojs/vhs-utils/-/vhs-utils-4.0.0.tgz#4d4dbf5d61a9fbd2da114b84ec747c3a483bc60d"
  integrity sha512-xJp7Yd4jMLwje2vHCUmi8MOUU76nxiwII3z4Eg3Ucb+6rrkFVGosrXlMgGnaLjq724j3wzNElRZ71D/CKrTtxg==
  dependencies:
    "@babel/runtime" "^7.12.5"
    global "^4.4.0"
    url-toolkit "^2.2.1"

"@videojs/vhs-utils@^3.0.5":
  version "3.0.5"
  resolved "https://registry.yarnpkg.com/@videojs/vhs-utils/-/vhs-utils-3.0.5.tgz#665ba70d78258ba1ab977364e2fe9f4d4799c46c"
  integrity sha512-PKVgdo8/GReqdx512F+ombhS+Bzogiofy1LgAj4tN8PfdBx3HSS7V5WfJotKTqtOWGwVfSWsrYN/t09/DSryrw==
  dependencies:
    "@babel/runtime" "^7.12.5"
    global "^4.4.0"
    url-toolkit "^2.2.1"

"@videojs/vhs-utils@^4.1.1":
  version "4.1.1"
  resolved "https://registry.yarnpkg.com/@videojs/vhs-utils/-/vhs-utils-4.1.1.tgz#44226fc5993f577490b5e08951ddc083714405cc"
  integrity sha512-5iLX6sR2ownbv4Mtejw6Ax+naosGvoT9kY+gcuHzANyUZZ+4NpeNdKMUhb6ag0acYej1Y7cmr/F2+4PrggMiVA==
  dependencies:
    "@babel/runtime" "^7.12.5"
    global "^4.4.0"

"@videojs/xhr@2.7.0":
  version "2.7.0"
  resolved "https://registry.yarnpkg.com/@videojs/xhr/-/xhr-2.7.0.tgz#e272af6e2b5448aeb400905a5c6f4818f6b6ad47"
  integrity sha512-giab+EVRanChIupZK7gXjHy90y3nncA2phIOyG3Ne5fvpiMJzvqYwiTOnEVW2S4CoYcuKJkomat7bMXA/UoUZQ==
  dependencies:
    "@babel/runtime" "^7.5.5"
    global "~4.4.0"
    is-function "^1.0.1"

"@xmldom/xmldom@^0.8.3":
  version "0.8.10"
  resolved "https://registry.yarnpkg.com/@xmldom/xmldom/-/xmldom-0.8.10.tgz#a1337ca426aa61cef9fe15b5b28e340a72f6fa99"
  integrity sha512-2WALfTl4xo2SkGCYRt6rDTFfk9R1czmBvUQy12gK2KuRKIpWEhcbbzy8EZXtz/jkRqHX8bFEc6FC1HjX4TUWYw==

aes-decrypter@4.0.1:
  version "4.0.1"
  resolved "https://registry.yarnpkg.com/aes-decrypter/-/aes-decrypter-4.0.1.tgz#c1a81d0bde0e96fed0674488d2a31a6d7ab9b7a7"
  integrity sha512-H1nh/P9VZXUf17AA5NQfJML88CFjVBDuGkp5zDHa7oEhYN9TTpNLJknRY1ie0iSKWlDf6JRnJKaZVDSQdPy6Cg==
  dependencies:
    "@babel/runtime" "^7.12.5"
    "@videojs/vhs-utils" "^3.0.5"
    global "^4.4.0"
    pkcs7 "^1.0.4"

aes-decrypter@^4.0.1:
  version "4.0.2"
  resolved "https://registry.yarnpkg.com/aes-decrypter/-/aes-decrypter-4.0.2.tgz#90648181c68878f54093920a3b44776ec2dc4914"
  integrity sha512-lc+/9s6iJvuaRe5qDlMTpCFjnwpkeOXp8qP3oiZ5jsj1MRg+SBVUmmICrhxHvc8OELSmc+fEyyxAuppY6hrWzw==
  dependencies:
    "@babel/runtime" "^7.12.5"
    "@videojs/vhs-utils" "^4.1.1"
    global "^4.4.0"
    pkcs7 "^1.0.4"

dom-walk@^0.1.0:
  version "0.1.2"
  resolved "https://registry.yarnpkg.com/dom-walk/-/dom-walk-0.1.2.tgz#0c548bef048f4d1f2a97249002236060daa3fd84"
  integrity sha512-6QvTW9mrGeIegrFXdtQi9pk7O/nSK6lSdXW2eqUspN5LWD7UTji2Fqw5V2YLjBpHEoU9Xl/eUWNpDeZvoyOv2w==

esbuild@^0.21.3:
  version "0.21.5"
  resolved "https://registry.npmjs.org/esbuild/-/esbuild-0.21.5.tgz"
  integrity sha512-mg3OPMV4hXywwpoDxu3Qda5xCKQi+vCTZq8S9J/EpkhB2HzKXq4SNFZE3+NK93JYxc8VMSep+lOUSC/RVKaBqw==
  optionalDependencies:
    "@esbuild/aix-ppc64" "0.21.5"
    "@esbuild/android-arm" "0.21.5"
    "@esbuild/android-arm64" "0.21.5"
    "@esbuild/android-x64" "0.21.5"
    "@esbuild/darwin-arm64" "0.21.5"
    "@esbuild/darwin-x64" "0.21.5"
    "@esbuild/freebsd-arm64" "0.21.5"
    "@esbuild/freebsd-x64" "0.21.5"
    "@esbuild/linux-arm" "0.21.5"
    "@esbuild/linux-arm64" "0.21.5"
    "@esbuild/linux-ia32" "0.21.5"
    "@esbuild/linux-loong64" "0.21.5"
    "@esbuild/linux-mips64el" "0.21.5"
    "@esbuild/linux-ppc64" "0.21.5"
    "@esbuild/linux-riscv64" "0.21.5"
    "@esbuild/linux-s390x" "0.21.5"
    "@esbuild/linux-x64" "0.21.5"
    "@esbuild/netbsd-x64" "0.21.5"
    "@esbuild/openbsd-x64" "0.21.5"
    "@esbuild/sunos-x64" "0.21.5"
    "@esbuild/win32-arm64" "0.21.5"
    "@esbuild/win32-ia32" "0.21.5"
    "@esbuild/win32-x64" "0.21.5"

fsevents@~2.3.2, fsevents@~2.3.3:
  version "2.3.3"
  resolved "https://registry.npmjs.org/fsevents/-/fsevents-2.3.3.tgz"
  integrity sha512-5xoDfX+fL7faATnagmWPpbFtwh/R77WmMMqqHGS65C3vvB0YHrgF+B1YmZ3441tMj5n63k0212XNoJwzlhffQw==

global@4.4.0, global@^4.3.1, global@^4.4.0, global@~4.4.0:
  version "4.4.0"
  resolved "https://registry.yarnpkg.com/global/-/global-4.4.0.tgz#3e7b105179006a323ed71aafca3e9c57a5cc6406"
  integrity sha512-wv/LAoHdRE3BeTGz53FAamhGlPLhlssK45usmGFThIi4XqnBmjKQ16u+RNbP7WvigRZDxUsM0J3gcQ5yicaL0w==
  dependencies:
    min-document "^2.19.0"
    process "^0.11.10"

individual@^2.0.0:
  version "2.0.0"
  resolved "https://registry.yarnpkg.com/individual/-/individual-2.0.0.tgz#833b097dad23294e76117a98fb38e0d9ad61bb97"
  integrity sha512-pWt8hBCqJsUWI/HtcfWod7+N9SgAqyPEaF7JQjwzjn5vGrpg6aQ5qeAFQ7dx//UH4J1O+7xqew+gCeeFt6xN/g==

is-function@^1.0.1:
  version "1.0.2"
  resolved "https://registry.yarnpkg.com/is-function/-/is-function-1.0.2.tgz#4f097f30abf6efadac9833b17ca5dc03f8144e08"
  integrity sha512-lw7DUp0aWXYg+CBCN+JKkcE0Q2RayZnSvnZBlwgxHBQhqt5pZNVy4Ri7H9GmmXkdu7LUthszM+Tor1u/2iBcpQ==

m3u8-parser@^7.1.0:
  version "7.2.0"
  resolved "https://registry.yarnpkg.com/m3u8-parser/-/m3u8-parser-7.2.0.tgz#9e2eb50abb8349d248cd58842367da4acabdf297"
  integrity sha512-CRatFqpjVtMiMaKXxNvuI3I++vUumIXVVT/JpCpdU/FynV/ceVw1qpPyyBNindL+JlPMSesx+WX1QJaZEJSaMQ==
  dependencies:
    "@babel/runtime" "^7.12.5"
    "@videojs/vhs-utils" "^4.1.1"
    global "^4.4.0"

min-document@^2.19.0:
  version "2.19.0"
  resolved "https://registry.yarnpkg.com/min-document/-/min-document-2.19.0.tgz#7bd282e3f5842ed295bb748cdd9f1ffa2c824685"
  integrity sha512-9Wy1B3m3f66bPPmU5hdA4DR4PB2OfDU/+GS3yAB7IQozE3tqXaVv2zOjgla7MEGSRv95+ILmOuvhLkOK6wJtCQ==
  dependencies:
    dom-walk "^0.1.0"

mpd-parser@^1.2.2, mpd-parser@^1.3.0:
  version "1.3.0"
  resolved "https://registry.yarnpkg.com/mpd-parser/-/mpd-parser-1.3.0.tgz#38c20f4d73542b4ed554158bc1f0fa571dc61388"
  integrity sha512-WgeIwxAqkmb9uTn4ClicXpEQYCEduDqRKfmUdp4X8vmghKfBNXZLYpREn9eqrDx/Tf5LhzRcJLSpi4ohfV742Q==
  dependencies:
    "@babel/runtime" "^7.12.5"
    "@videojs/vhs-utils" "^4.0.0"
    "@xmldom/xmldom" "^0.8.3"
    global "^4.4.0"

mux.js@7.0.3, mux.js@^7.0.1:
  version "7.0.3"
  resolved "https://registry.yarnpkg.com/mux.js/-/mux.js-7.0.3.tgz#18fbbc607faeeaa8c897e0410d2067be2bdc7e1e"
  integrity sha512-gzlzJVEGFYPtl2vvEiJneSWAWD4nfYRHD5XgxmB2gWvXraMPOYk+sxfvexmNfjQUFpmk6hwLR5C6iSFmuwCHdQ==
  dependencies:
    "@babel/runtime" "^7.11.2"
    global "^4.4.0"

nanoid@^3.3.7:
  version "3.3.7"
  resolved "https://registry.npmjs.org/nanoid/-/nanoid-3.3.7.tgz"
  integrity sha512-eSRppjcPIatRIMC1U6UngP8XFcz8MQWGQdt1MTBQ7NaAmvXDfvNxbvWV3x2y6CdEUciCSsDHDQZbhYaB8QEo2g==

picocolors@^1.0.1:
  version "1.0.1"
  resolved "https://registry.npmjs.org/picocolors/-/picocolors-1.0.1.tgz"
  integrity sha512-anP1Z8qwhkbmu7MFP5iTt+wQKXgwzf7zTyGlcdzabySa9vd0Xt392U0rVmz9poOaBj0uHJKyyo9/upk0HrEQew==

pkcs7@^1.0.4:
  version "1.0.4"
  resolved "https://registry.yarnpkg.com/pkcs7/-/pkcs7-1.0.4.tgz#6090b9e71160dabf69209d719cbafa538b00a1cb"
  integrity sha512-afRERtHn54AlwaF2/+LFszyAANTCggGilmcmILUzEjvs3XgFZT+xE6+QWQcAGmu4xajy+Xtj7acLOPdx5/eXWQ==
  dependencies:
    "@babel/runtime" "^7.5.5"

postcss@^8.4.41:
  version "8.4.41"
  resolved "https://registry.npmjs.org/postcss/-/postcss-8.4.41.tgz"
  integrity sha512-TesUflQ0WKZqAvg52PWL6kHgLKP6xB6heTOdoYM0Wt2UHyxNa4K25EZZMgKns3BH1RLVbZCREPpLY0rhnNoHVQ==
  dependencies:
    nanoid "^3.3.7"
    picocolors "^1.0.1"
    source-map-js "^1.2.0"

process@^0.11.10:
  version "0.11.10"
  resolved "https://registry.yarnpkg.com/process/-/process-0.11.10.tgz#7332300e840161bda3e69a1d1d91a7d4bc16f182"
  integrity sha512-cdGef/drWFoydD1JsMzuFf8100nZl+GT+yacc2bEced5f9Rjk4z+WtFUTBu9PhOi9j/jfmBPu0mMEY4wIdAF8A==

regenerator-runtime@^0.14.0:
  version "0.14.1"
  resolved "https://registry.yarnpkg.com/regenerator-runtime/-/regenerator-runtime-0.14.1.tgz#356ade10263f685dda125100cd862c1db895327f"
  integrity sha512-dYnhHh0nJoMfnkZs6GmmhFknAGRrLznOu5nc9ML+EJxGvrx6H7teuevqVqCuPcPK//3eDrrjQhehXVx9cnkGdw==

remeda@^2.11.0:
  version "2.11.0"
  resolved "https://registry.yarnpkg.com/remeda/-/remeda-2.11.0.tgz#2507f9f9ad09a426a3e8c195d6afa852bb06b51a"
  integrity sha512-rQO+zcuNvnTcB2vBctblBARZakY0+wMNtrFGqU1+h4jm5p2APcDKQxUZG2CmMPkSQxa2nauU55GBVS/3Fo83fA==
  dependencies:
    type-fest "^4.23.0"

rollup@^4.13.0:
  version "4.21.0"
  resolved "https://registry.npmjs.org/rollup/-/rollup-4.21.0.tgz"
  integrity sha512-vo+S/lfA2lMS7rZ2Qoubi6I5hwZwzXeUIctILZLbHI+laNtvhhOIon2S1JksA5UEDQ7l3vberd0fxK44lTYjbQ==
  dependencies:
    "@types/estree" "1.0.5"
  optionalDependencies:
    "@rollup/rollup-android-arm-eabi" "4.21.0"
    "@rollup/rollup-android-arm64" "4.21.0"
    "@rollup/rollup-darwin-arm64" "4.21.0"
    "@rollup/rollup-darwin-x64" "4.21.0"
    "@rollup/rollup-linux-arm-gnueabihf" "4.21.0"
    "@rollup/rollup-linux-arm-musleabihf" "4.21.0"
    "@rollup/rollup-linux-arm64-gnu" "4.21.0"
    "@rollup/rollup-linux-arm64-musl" "4.21.0"
    "@rollup/rollup-linux-powerpc64le-gnu" "4.21.0"
    "@rollup/rollup-linux-riscv64-gnu" "4.21.0"
    "@rollup/rollup-linux-s390x-gnu" "4.21.0"
    "@rollup/rollup-linux-x64-gnu" "4.21.0"
    "@rollup/rollup-linux-x64-musl" "4.21.0"
    "@rollup/rollup-win32-arm64-msvc" "4.21.0"
    "@rollup/rollup-win32-ia32-msvc" "4.21.0"
    "@rollup/rollup-win32-x64-msvc" "4.21.0"
    fsevents "~2.3.2"

rust-result@^1.0.0:
  version "1.0.0"
  resolved "https://registry.yarnpkg.com/rust-result/-/rust-result-1.0.0.tgz#34c75b2e6dc39fe5875e5bdec85b5e0f91536f72"
  integrity sha512-6cJzSBU+J/RJCF063onnQf0cDUOHs9uZI1oroSGnHOph+CQTIJ5Pp2hK5kEQq1+7yE/EEWfulSNXAQ2jikPthA==
  dependencies:
    individual "^2.0.0"

safe-json-parse@4.0.0:
  version "4.0.0"
  resolved "https://registry.yarnpkg.com/safe-json-parse/-/safe-json-parse-4.0.0.tgz#7c0f578cfccd12d33a71c0e05413e2eca171eaac"
  integrity sha512-RjZPPHugjK0TOzFrLZ8inw44s9bKox99/0AZW9o/BEQVrJfhI+fIHMErnPyRa89/yRXUUr93q+tiN6zhoVV4wQ==
  dependencies:
    rust-result "^1.0.0"

source-map-js@^1.2.0:
  version "1.2.0"
  resolved "https://registry.npmjs.org/source-map-js/-/source-map-js-1.2.0.tgz"
  integrity sha512-itJW8lvSA0TXEphiRoawsCksnlf8SyvmFzIhltqAHluXd88pkCd+cXJVHTDwdCr0IzwptSm035IHQktUu1QUMg==

type-fest@^4.23.0:
  version "4.26.0"
  resolved "https://registry.yarnpkg.com/type-fest/-/type-fest-4.26.0.tgz#703f263af10c093cd6277d079e26b9e17d517c4b"
  integrity sha512-OduNjVJsFbifKb57UqZ2EMP1i4u64Xwow3NYXUtBbD4vIwJdQd4+xl8YDou1dlm4DVrtwT/7Ky8z8WyCULVfxw==

typescript@^5.5.3:
  version "5.5.4"
  resolved "https://registry.npmjs.org/typescript/-/typescript-5.5.4.tgz"
  integrity sha512-Mtq29sKDAEYP7aljRgtPOpTvOfbwRWlS6dPRzwjdE+C0R4brX/GUyhHSecbHMFLNBLcJIPt9nl9yG5TZ1weH+Q==

url-toolkit@^2.2.1:
  version "2.2.5"
  resolved "https://registry.yarnpkg.com/url-toolkit/-/url-toolkit-2.2.5.tgz#58406b18e12c58803e14624df5e374f638b0f607"
  integrity sha512-mtN6xk+Nac+oyJ/PrI7tzfmomRVNFIWKUbG8jdYFt52hxbiReFAXIjYskvu64/dvuW71IcB7lV8l0HvZMac6Jg==

"video.js@^7 || ^8", video.js@^8.17.3:
  version "8.17.3"
  resolved "https://registry.yarnpkg.com/video.js/-/video.js-8.17.3.tgz#678f8d52121608e05bdacfe5993889adbf2022e8"
  integrity sha512-zhhmE0LNxJRA603/48oYzF7GYdT+rQRscvcsouYxFE71aKhalHLBP6S9/XjixnyjcrYgwIx8OQo6eSjcbbAW0Q==
  dependencies:
    "@babel/runtime" "^7.12.5"
    "@videojs/http-streaming" "3.13.2"
    "@videojs/vhs-utils" "^4.0.0"
    "@videojs/xhr" "2.7.0"
    aes-decrypter "^4.0.1"
    global "4.4.0"
    m3u8-parser "^7.1.0"
    mpd-parser "^1.2.2"
    mux.js "^7.0.1"
    safe-json-parse "4.0.0"
    videojs-contrib-quality-levels "4.1.0"
    videojs-font "4.2.0"
    videojs-vtt.js "0.15.5"

videojs-contrib-quality-levels@4.1.0:
  version "4.1.0"
  resolved "https://registry.yarnpkg.com/videojs-contrib-quality-levels/-/videojs-contrib-quality-levels-4.1.0.tgz#44c2d2167114a5c8418548b10a25cb409d6cba51"
  integrity sha512-TfrXJJg1Bv4t6TOCMEVMwF/CoS8iENYsWNKip8zfhB5kTcegiFYezEA0eHAJPU64ZC8NQbxQgOwAsYU8VXbOWA==
  dependencies:
    global "^4.4.0"

videojs-font@4.2.0:
  version "4.2.0"
  resolved "https://registry.yarnpkg.com/videojs-font/-/videojs-font-4.2.0.tgz#fbce803d347c565816e296f527e208dc65c9f235"
  integrity sha512-YPq+wiKoGy2/M7ccjmlvwi58z2xsykkkfNMyIg4xb7EZQQNwB71hcSsB3o75CqQV7/y5lXkXhI/rsGAS7jfEmQ==

videojs-vtt.js@0.15.5:
  version "0.15.5"
  resolved "https://registry.yarnpkg.com/videojs-vtt.js/-/videojs-vtt.js-0.15.5.tgz#567776eaf2a7a928d88b148a8b401ade2406f2ca"
  integrity sha512-yZbBxvA7QMYn15Lr/ZfhhLPrNpI/RmCSCqgIff57GC2gIrV5YfyzLfLyZMj0NnZSAz8syB4N0nHXpZg9MyrMOQ==
  dependencies:
    global "^4.3.1"

vite@^5.4.0:
  version "5.4.1"
  resolved "https://registry.npmjs.org/vite/-/vite-5.4.1.tgz"
  integrity sha512-1oE6yuNXssjrZdblI9AfBbHCC41nnyoVoEZxQnID6yvQZAFBzxxkqoFLtHUMkYunL8hwOLEjgTuxpkRxvba3kA==
  dependencies:
    esbuild "^0.21.3"
    postcss "^8.4.41"
    rollup "^4.13.0"
  optionalDependencies:
    fsevents "~2.3.3"
